
Microsoft Visual Studio Solution File, Format Version 12.00
# Visual Studio 14
VisualStudioVersion = 14.0.24720.0
MinimumVisualStudioVersion = 10.0.40219.1
Project("{FAE04EC0-301F-11D3-BF4B-00C04F79EFBC}") = "BinaryTree", "BinaryTree\BinaryTree.csproj", "{CE57D006-619B-4439-9C35-5AF4C2F24FD4}"
EndProject
Project("{FAE04EC0-301F-11D3-BF4B-00C04F79EFBC}") = "BinaryTreeTest", "BinaryTreeTest\BinaryTreeTest.csproj", "{5340D140-9235-4D62-906A-1B55CDBE9F66}"
EndProject
Global
	GlobalSection(SolutionConfigurationPlatforms) = preSolution
		Debug|Any CPU = Debug|Any CPU
		Release|Any CPU = Release|Any CPU
	EndGlobalSection
	GlobalSection(ProjectConfigurationPlatforms) = postSolution
		{CE57D006-619B-4439-9C35-5AF4C2F24FD4}.Debug|Any CPU.ActiveCfg = Debug|Any CPU
		{CE57D006-619B-4439-9C35-5AF4C2F24FD4}.Debug|Any CPU.Build.0 = Debug|Any CPU
		{CE57D006-619B-4439-9C35-5AF4C2F24FD4}.Release|Any CPU.ActiveCfg = Release|Any CPU
		{CE57D006-619B-4439-9C35-5AF4C2F24FD4}.Release|Any CPU.Build.0 = Release|Any CPU
		{5340D140-9235-4D62-906A-1B55CDBE9F66}.Debug|Any CPU.ActiveCfg = Debug|Any CPU
		{5340D140-9235-4D62-906A-1B55CDBE9F66}.Debug|Any CPU.Build.0 = Debug|Any CPU
		{5340D140-9235-4D62-906A-1B55CDBE9F66}.Release|Any CPU.ActiveCfg = Release|Any CPU
		{5340D140-9235-4D62-906A-1B55CDBE9F66}.Release|Any CPU.Build.0 = Release|Any CPU
	EndGlobalSection
	GlobalSection(SolutionProperties) = preSolution
		HideSolutionNode = FALSE
	EndGlobalSection
EndGlobal
